
Microsoft Visual Studio Solution File, Format Version 12.00
# Visual Studio Version 17
VisualStudioVersion = 17.8.34322.80
MinimumVisualStudioVersion = 10.0.40219.1
Project("{9A19103F-16F7-4668-BE54-9A1E7A4F7556}") = "NTierApplication.Web", "NTierApplication.Web\NTierApplication.Web.csproj", "{080A9694-A5C4-446E-82AD-B1D2414354E1}"
EndProject
Project("{9A19103F-16F7-4668-BE54-9A1E7A4F7556}") = "NTierApplication.DataAccess", "NTierApplication.DataAccess\NTierApplication.DataAccess.csproj", "{C3F32489-3E11-4BEC-80EB-4A811D1E5463}"
EndProject
Project("{FAE04EC0-301F-11D3-BF4B-00C04F79EFBC}") = "NTierApplication.Repository", "NTierApplication.Repository\NTierApplication.Repository.csproj", "{F04C80CA-4B68-43AC-9E9B-A830DE6085B0}"
EndProject
Project("{FAE04EC0-301F-11D3-BF4B-00C04F79EFBC}") = "NTierApplication.Service", "NTierApplication.Service\NTierApplication.Service.csproj", "{080814F6-7AFD-4AE2-B613-1CA75114055B}"
EndProject
Global
	GlobalSection(SolutionConfigurationPlatforms) = preSolution
		Debug|Any CPU = Debug|Any CPU
		Release|Any CPU = Release|Any CPU
	EndGlobalSection
	GlobalSection(ProjectConfigurationPlatforms) = postSolution
		{080A9694-A5C4-446E-82AD-B1D2414354E1}.Debug|Any CPU.ActiveCfg = Debug|Any CPU
		{080A9694-A5C4-446E-82AD-B1D2414354E1}.Debug|Any CPU.Build.0 = Debug|Any CPU
		{080A9694-A5C4-446E-82AD-B1D2414354E1}.Release|Any CPU.ActiveCfg = Release|Any CPU
		{080A9694-A5C4-446E-82AD-B1D2414354E1}.Release|Any CPU.Build.0 = Release|Any CPU
		{C3F32489-3E11-4BEC-80EB-4A811D1E5463}.Debug|Any CPU.ActiveCfg = Debug|Any CPU
		{C3F32489-3E11-4BEC-80EB-4A811D1E5463}.Debug|Any CPU.Build.0 = Debug|Any CPU
		{C3F32489-3E11-4BEC-80EB-4A811D1E5463}.Release|Any CPU.ActiveCfg = Release|Any CPU
		{C3F32489-3E11-4BEC-80EB-4A811D1E5463}.Release|Any CPU.Build.0 = Release|Any CPU
		{F04C80CA-4B68-43AC-9E9B-A830DE6085B0}.Debug|Any CPU.ActiveCfg = Debug|Any CPU
		{F04C80CA-4B68-43AC-9E9B-A830DE6085B0}.Debug|Any CPU.Build.0 = Debug|Any CPU
		{F04C80CA-4B68-43AC-9E9B-A830DE6085B0}.Release|Any CPU.ActiveCfg = Release|Any CPU
		{F04C80CA-4B68-43AC-9E9B-A830DE6085B0}.Release|Any CPU.Build.0 = Release|Any CPU
		{080814F6-7AFD-4AE2-B613-1CA75114055B}.Debug|Any CPU.ActiveCfg = Debug|Any CPU
		{080814F6-7AFD-4AE2-B613-1CA75114055B}.Debug|Any CPU.Build.0 = Debug|Any CPU
		{080814F6-7AFD-4AE2-B613-1CA75114055B}.Release|Any CPU.ActiveCfg = Release|Any CPU
		{080814F6-7AFD-4AE2-B613-1CA75114055B}.Release|Any CPU.Build.0 = Release|Any CPU
	EndGlobalSection
	GlobalSection(SolutionProperties) = preSolution
		HideSolutionNode = FALSE
	EndGlobalSection
	GlobalSection(ExtensibilityGlobals) = postSolution
		SolutionGuid = {169E7AEE-4D4C-472F-A728-9C036DD44BE7}
	EndGlobalSection
EndGlobal
